
Microsoft Visual Studio Solution File, Format Version 12.00
# Visual Studio Version 17
VisualStudioVersion = 17.11.35222.181
MinimumVisualStudioVersion = 10.0.40219.1
Project("{FAE04EC0-301F-11D3-BF4B-00C04F79EFBC}") = "ArchivosFTP", "ArchivosFTP.csproj", "{B4A8D3F8-B820-4D66-B638-1D667FA381B9}"
EndProject
Global
	GlobalSection(SolutionConfigurationPlatforms) = preSolution
		Debug|Any CPU = Debug|Any CPU
		Release|Any CPU = Release|Any CPU
	EndGlobalSection
	GlobalSection(ProjectConfigurationPlatforms) = postSolution
		{B4A8D3F8-B820-4D66-B638-1D667FA381B9}.Debug|Any CPU.ActiveCfg = Debug|Any CPU
		{B4A8D3F8-B820-4D66-B638-1D667FA381B9}.Debug|Any CPU.Build.0 = Debug|Any CPU
		{B4A8D3F8-B820-4D66-B638-1D667FA381B9}.Release|Any CPU.ActiveCfg = Release|Any CPU
		{B4A8D3F8-B820-4D66-B638-1D667FA381B9}.Release|Any CPU.Build.0 = Release|Any CPU
	EndGlobalSection
	GlobalSection(SolutionProperties) = preSolution
		HideSolutionNode = FALSE
	EndGlobalSection
	GlobalSection(ExtensibilityGlobals) = postSolution
		SolutionGuid = {44A78F6D-42A8-43B6-A680-29F82F5D3092}
	EndGlobalSection
EndGlobal
